
Microsoft Visual Studio Solution File, Format Version 12.00
# Visual Studio Version 17
VisualStudioVersion = 17.4.33103.184
MinimumVisualStudioVersion = 10.0.40219.1
Project("{8BC9CEB8-8B4A-11D0-8D11-00A0C91BC942}") = "ProjectForLearning", "ProjectForLearning\ProjectForLearning.vcxproj", "{9A6B9002-D99E-4F4A-8737-C2F8616AAEF8}"
EndProject
Global
	GlobalSection(SolutionConfigurationPlatforms) = preSolution
		Debug|x64 = Debug|x64
		Debug|x86 = Debug|x86
		Release|x64 = Release|x64
		Release|x86 = Release|x86
	EndGlobalSection
	GlobalSection(ProjectConfigurationPlatforms) = postSolution
		{9A6B9002-D99E-4F4A-8737-C2F8616AAEF8}.Debug|x64.ActiveCfg = Debug|x64
		{9A6B9002-D99E-4F4A-8737-C2F8616AAEF8}.Debug|x64.Build.0 = Debug|x64
		{9A6B9002-D99E-4F4A-8737-C2F8616AAEF8}.Debug|x86.ActiveCfg = Debug|Win32
		{9A6B9002-D99E-4F4A-8737-C2F8616AAEF8}.Debug|x86.Build.0 = Debug|Win32
		{9A6B9002-D99E-4F4A-8737-C2F8616AAEF8}.Release|x64.ActiveCfg = Release|x64
		{9A6B9002-D99E-4F4A-8737-C2F8616AAEF8}.Release|x64.Build.0 = Release|x64
		{9A6B9002-D99E-4F4A-8737-C2F8616AAEF8}.Release|x86.ActiveCfg = Release|Win32
		{9A6B9002-D99E-4F4A-8737-C2F8616AAEF8}.Release|x86.Build.0 = Release|Win32
	EndGlobalSection
	GlobalSection(SolutionProperties) = preSolution
		HideSolutionNode = FALSE
	EndGlobalSection
	GlobalSection(ExtensibilityGlobals) = postSolution
		SolutionGuid = {0693C874-4E41-4E91-90A7-7740A12E3A9B}
	EndGlobalSection
EndGlobal
